
Microsoft Visual Studio Solution File, Format Version 12.00
# Visual Studio 15
Project("{FAE04EC0-301F-11D3-BF4B-00C04F79EFBC}") = "Assembly-CSharp", "Assembly-CSharp.csproj", "{C910C7DD-DAEB-7282-54F2-A481FA156731}"
EndProject
Project("{FAE04EC0-301F-11D3-BF4B-00C04F79EFBC}") = "Assembly-CSharp", "Assembly-CSharp.Player.csproj", "{D30C0F39-8137-373C-DF91-5360F53CBBE8}"
EndProject
Global
	GlobalSection(SolutionConfigurationPlatforms) = preSolution
		Debug|Any CPU = Debug|Any CPU
		Release|Any CPU = Release|Any CPU
	EndGlobalSection
	GlobalSection(ProjectConfigurationPlatforms) = postSolution
		{C910C7DD-DAEB-7282-54F2-A481FA156731}.Debug|Any CPU.ActiveCfg = Debug|Any CPU
		{C910C7DD-DAEB-7282-54F2-A481FA156731}.Debug|Any CPU.Build.0 = Debug|Any CPU
		{C910C7DD-DAEB-7282-54F2-A481FA156731}.Release|Any CPU.ActiveCfg = Release|Any CPU
		{C910C7DD-DAEB-7282-54F2-A481FA156731}.Release|Any CPU.Build.0 = Release|Any CPU
		{D30C0F39-8137-373C-DF91-5360F53CBBE8}.Debug|Any CPU.ActiveCfg = Debug|Any CPU
		{D30C0F39-8137-373C-DF91-5360F53CBBE8}.Debug|Any CPU.Build.0 = Debug|Any CPU
		{D30C0F39-8137-373C-DF91-5360F53CBBE8}.Release|Any CPU.ActiveCfg = Release|Any CPU
		{D30C0F39-8137-373C-DF91-5360F53CBBE8}.Release|Any CPU.Build.0 = Release|Any CPU
	EndGlobalSection
	GlobalSection(SolutionProperties) = preSolution
		HideSolutionNode = FALSE
	EndGlobalSection
EndGlobal
